
Microsoft Visual Studio Solution File, Format Version 12.00
# Visual Studio 15
VisualStudioVersion = 15.0.28010.2041
MinimumVisualStudioVersion = 10.0.40219.1
Project("{FAE04EC0-301F-11D3-BF4B-00C04F79EFBC}") = "CatProgram", "CatProgram\CatProgram.csproj", "{1BCB4D52-0B07-4467-94B1-4BD9D8304802}"
EndProject
Global
	GlobalSection(SolutionConfigurationPlatforms) = preSolution
		Debug|Any CPU = Debug|Any CPU
		Release|Any CPU = Release|Any CPU
	EndGlobalSection
	GlobalSection(ProjectConfigurationPlatforms) = postSolution
		{1BCB4D52-0B07-4467-94B1-4BD9D8304802}.Debug|Any CPU.ActiveCfg = Debug|Any CPU
		{1BCB4D52-0B07-4467-94B1-4BD9D8304802}.Debug|Any CPU.Build.0 = Debug|Any CPU
		{1BCB4D52-0B07-4467-94B1-4BD9D8304802}.Release|Any CPU.ActiveCfg = Release|Any CPU
		{1BCB4D52-0B07-4467-94B1-4BD9D8304802}.Release|Any CPU.Build.0 = Release|Any CPU
	EndGlobalSection
	GlobalSection(SolutionProperties) = preSolution
		HideSolutionNode = FALSE
	EndGlobalSection
	GlobalSection(ExtensibilityGlobals) = postSolution
		SolutionGuid = {DC07CCF5-BCC9-411B-BFB1-4582BD60BBE8}
	EndGlobalSection
EndGlobal
